{
  "requires": true,
  "lockfileVersion": 1,
  "dependencies": {
    "axios": {
      "version": "0.24.0",
      "resolved": "https://registry.npmjs.org/axios/-/axios-0.24.0.tgz",
      "integrity": "sha512-Q6cWsys88HoPgAaFAVUb0WpPk0O8iTeisR9IMqy9G8AbO4NlpVknrnQS03zzF9PGAWgO3cgletO3VjV/P7VztA==",
      "requires": {
        "follow-redirects": "^1.14.4"
      }
    },
    "follow-redirects": {
      "version": "1.15.2",
      "resolved": "https://registry.npmjs.org/follow-redirects/-/follow-redirects-1.15.2.tgz",
      "integrity": "sha512-VQLG33o04KaQ8uYi2tVNbdrWp1QWxNNea+nmIB4EVM28v0hmP17z7aG1+wAkNzVq4KeXTq3221ye5qTJP91JwA=="
    },
    "zingmp3-api-full": {
      "version": "1.0.14",
      "resolved": "https://registry.npmjs.org/zingmp3-api-full/-/zingmp3-api-full-1.0.14.tgz",
      "integrity": "sha512-j7IjI6Igi8v0YwC0AMIiU5tatkCbiGXC5lcGlF3LQxWFCOwDSDEmLPBIfK/TcJU3XUgODEJykgeaer2DFt4M8A==",
      "requires": {
        "axios": "^0.24.0"
      }
    }
  }
}
